
Microsoft Visual Studio Solution File, Format Version 12.00
# Visual Studio Version 17
VisualStudioVersion = 17.1.32407.343
MinimumVisualStudioVersion = 10.0.40219.1
Project("{9A19103F-16F7-4668-BE54-9A1E7A4F7556}") = "Biblioteca", "Biblioteca\Biblioteca.csproj", "{4D24F351-28BD-4826-A93A-57DCC31D59B2}"
EndProject
Project("{9A19103F-16F7-4668-BE54-9A1E7A4F7556}") = "InterfazGrafica", "InterfazGrafica\InterfazGrafica.csproj", "{D0FA389A-DE99-403E-A426-877553CC403B}"
EndProject
Global
	GlobalSection(SolutionConfigurationPlatforms) = preSolution
		Debug|Any CPU = Debug|Any CPU
		Release|Any CPU = Release|Any CPU
	EndGlobalSection
	GlobalSection(ProjectConfigurationPlatforms) = postSolution
		{4D24F351-28BD-4826-A93A-57DCC31D59B2}.Debug|Any CPU.ActiveCfg = Debug|Any CPU
		{4D24F351-28BD-4826-A93A-57DCC31D59B2}.Debug|Any CPU.Build.0 = Debug|Any CPU
		{4D24F351-28BD-4826-A93A-57DCC31D59B2}.Release|Any CPU.ActiveCfg = Release|Any CPU
		{4D24F351-28BD-4826-A93A-57DCC31D59B2}.Release|Any CPU.Build.0 = Release|Any CPU
		{D0FA389A-DE99-403E-A426-877553CC403B}.Debug|Any CPU.ActiveCfg = Debug|Any CPU
		{D0FA389A-DE99-403E-A426-877553CC403B}.Debug|Any CPU.Build.0 = Debug|Any CPU
		{D0FA389A-DE99-403E-A426-877553CC403B}.Release|Any CPU.ActiveCfg = Release|Any CPU
		{D0FA389A-DE99-403E-A426-877553CC403B}.Release|Any CPU.Build.0 = Release|Any CPU
	EndGlobalSection
	GlobalSection(SolutionProperties) = preSolution
		HideSolutionNode = FALSE
	EndGlobalSection
	GlobalSection(ExtensibilityGlobals) = postSolution
		SolutionGuid = {BE93B2DF-64AD-43EF-96E2-F94EA0B2AA02}
	EndGlobalSection
EndGlobal
